
Microsoft Visual Studio Solution File, Format Version 12.00
# Visual Studio Version 17
VisualStudioVersion = 17.6.33723.286
MinimumVisualStudioVersion = 10.0.40219.1
Project("{FAE04EC0-301F-11D3-BF4B-00C04F79EFBC}") = "Sosu.Api", "Sosu.Api\Sosu.Api.csproj", "{EE8815A3-63DA-45BA-98CE-8AABCB60CF26}"
EndProject
Project("{FAE04EC0-301F-11D3-BF4B-00C04F79EFBC}") = "Entities", "Sosu.Entities\Entities.csproj", "{DCFA4A7F-C27E-4310-983B-3D84F8C55185}"
EndProject
Project("{FAE04EC0-301F-11D3-BF4B-00C04F79EFBC}") = "Repository", "Repository\Repository.csproj", "{ED8AF949-74EB-48A9-8949-936B32093791}"
EndProject
Project("{2150E333-8FDC-42A3-9474-1A3956D46DE8}") = "Solution Items", "Solution Items", "{3F04B251-7DAB-490E-955C-E3354BAA6E0F}"
	ProjectSection(SolutionItems) = preProject
		Eksamen.sql = Eksamen.sql
	EndProjectSection
EndProject
Global
	GlobalSection(SolutionConfigurationPlatforms) = preSolution
		Debug|Any CPU = Debug|Any CPU
		Release|Any CPU = Release|Any CPU
	EndGlobalSection
	GlobalSection(ProjectConfigurationPlatforms) = postSolution
		{EE8815A3-63DA-45BA-98CE-8AABCB60CF26}.Debug|Any CPU.ActiveCfg = Debug|Any CPU
		{EE8815A3-63DA-45BA-98CE-8AABCB60CF26}.Debug|Any CPU.Build.0 = Debug|Any CPU
		{EE8815A3-63DA-45BA-98CE-8AABCB60CF26}.Release|Any CPU.ActiveCfg = Release|Any CPU
		{EE8815A3-63DA-45BA-98CE-8AABCB60CF26}.Release|Any CPU.Build.0 = Release|Any CPU
		{DCFA4A7F-C27E-4310-983B-3D84F8C55185}.Debug|Any CPU.ActiveCfg = Debug|Any CPU
		{DCFA4A7F-C27E-4310-983B-3D84F8C55185}.Debug|Any CPU.Build.0 = Debug|Any CPU
		{DCFA4A7F-C27E-4310-983B-3D84F8C55185}.Release|Any CPU.ActiveCfg = Release|Any CPU
		{DCFA4A7F-C27E-4310-983B-3D84F8C55185}.Release|Any CPU.Build.0 = Release|Any CPU
		{ED8AF949-74EB-48A9-8949-936B32093791}.Debug|Any CPU.ActiveCfg = Debug|Any CPU
		{ED8AF949-74EB-48A9-8949-936B32093791}.Debug|Any CPU.Build.0 = Debug|Any CPU
		{ED8AF949-74EB-48A9-8949-936B32093791}.Release|Any CPU.ActiveCfg = Release|Any CPU
		{ED8AF949-74EB-48A9-8949-936B32093791}.Release|Any CPU.Build.0 = Release|Any CPU
	EndGlobalSection
	GlobalSection(SolutionProperties) = preSolution
		HideSolutionNode = FALSE
	EndGlobalSection
	GlobalSection(ExtensibilityGlobals) = postSolution
		SolutionGuid = {9E1B0BA4-0C6F-4403-B953-040F271A6536}
	EndGlobalSection
EndGlobal
